
Microsoft Visual Studio Solution File, Format Version 12.00
# Visual Studio Version 17
VisualStudioVersion = 17.10.34707.107
MinimumVisualStudioVersion = 10.0.40219.1
Project("{9A19103F-16F7-4668-BE54-9A1E7A4F7556}") = "Optovka", "Optovka\Optovka.csproj", "{1A905335-7E44-466F-B4CD-E36FA557AF25}"
EndProject
Project("{9A19103F-16F7-4668-BE54-9A1E7A4F7556}") = "Optovka.Model", "Optovka.Model\Optovka.Model.csproj", "{868D9532-09BC-420F-9C6C-9699BC3E6C65}"
EndProject
Project("{9A19103F-16F7-4668-BE54-9A1E7A4F7556}") = "OptovkaTests", "Test API\OptovkaTests.csproj", "{71C603FB-DDF8-4122-A8BB-3751A1D3ADC4}"
EndProject
Global
	GlobalSection(SolutionConfigurationPlatforms) = preSolution
		Debug|Any CPU = Debug|Any CPU
		Release|Any CPU = Release|Any CPU
	EndGlobalSection
	GlobalSection(ProjectConfigurationPlatforms) = postSolution
		{1A905335-7E44-466F-B4CD-E36FA557AF25}.Debug|Any CPU.ActiveCfg = Debug|Any CPU
		{1A905335-7E44-466F-B4CD-E36FA557AF25}.Debug|Any CPU.Build.0 = Debug|Any CPU
		{1A905335-7E44-466F-B4CD-E36FA557AF25}.Release|Any CPU.ActiveCfg = Release|Any CPU
		{1A905335-7E44-466F-B4CD-E36FA557AF25}.Release|Any CPU.Build.0 = Release|Any CPU
		{868D9532-09BC-420F-9C6C-9699BC3E6C65}.Debug|Any CPU.ActiveCfg = Debug|Any CPU
		{868D9532-09BC-420F-9C6C-9699BC3E6C65}.Debug|Any CPU.Build.0 = Debug|Any CPU
		{868D9532-09BC-420F-9C6C-9699BC3E6C65}.Release|Any CPU.ActiveCfg = Release|Any CPU
		{868D9532-09BC-420F-9C6C-9699BC3E6C65}.Release|Any CPU.Build.0 = Release|Any CPU
		{71C603FB-DDF8-4122-A8BB-3751A1D3ADC4}.Debug|Any CPU.ActiveCfg = Debug|Any CPU
		{71C603FB-DDF8-4122-A8BB-3751A1D3ADC4}.Debug|Any CPU.Build.0 = Debug|Any CPU
		{71C603FB-DDF8-4122-A8BB-3751A1D3ADC4}.Release|Any CPU.ActiveCfg = Release|Any CPU
		{71C603FB-DDF8-4122-A8BB-3751A1D3ADC4}.Release|Any CPU.Build.0 = Release|Any CPU
	EndGlobalSection
	GlobalSection(SolutionProperties) = preSolution
		HideSolutionNode = FALSE
	EndGlobalSection
	GlobalSection(ExtensibilityGlobals) = postSolution
		SolutionGuid = {3D712FDD-8E39-474A-B58B-9AE013916285}
	EndGlobalSection
EndGlobal
